
Microsoft Visual Studio Solution File, Format Version 12.00
# Visual Studio Version 17
VisualStudioVersion = 17.5.002.0
MinimumVisualStudioVersion = 10.0.40219.1
Project("{9A19103F-16F7-4668-BE54-9A1E7A4F7556}") = "real_all_spice", "server\real_all_spice.csproj", "{E22024AA-4938-4AA6-954E-1678DBA7993D}"
EndProject
Global
	GlobalSection(SolutionConfigurationPlatforms) = preSolution
		Debug|Any CPU = Debug|Any CPU
		Release|Any CPU = Release|Any CPU
	EndGlobalSection
	GlobalSection(ProjectConfigurationPlatforms) = postSolution
		{E22024AA-4938-4AA6-954E-1678DBA7993D}.Debug|Any CPU.ActiveCfg = Debug|Any CPU
		{E22024AA-4938-4AA6-954E-1678DBA7993D}.Debug|Any CPU.Build.0 = Debug|Any CPU
		{E22024AA-4938-4AA6-954E-1678DBA7993D}.Release|Any CPU.ActiveCfg = Release|Any CPU
		{E22024AA-4938-4AA6-954E-1678DBA7993D}.Release|Any CPU.Build.0 = Release|Any CPU
	EndGlobalSection
	GlobalSection(SolutionProperties) = preSolution
		HideSolutionNode = FALSE
	EndGlobalSection
	GlobalSection(ExtensibilityGlobals) = postSolution
		SolutionGuid = {B4F5FB6E-7DFF-4C2C-8716-60C7C468FE52}
	EndGlobalSection
EndGlobal
